
Microsoft Visual Studio Solution File, Format Version 12.00
# Visual Studio Version 17
VisualStudioVersion = 17.13.35919.96 d17.13
MinimumVisualStudioVersion = 10.0.40219.1
Project("{FAE04EC0-301F-11D3-BF4B-00C04F79EFBC}") = "DisKlinik", "DisKlinik\DisKlinik.csproj", "{5D4820FA-E030-4A72-8BC5-946F239E3F7E}"
EndProject
Global
	GlobalSection(SolutionConfigurationPlatforms) = preSolution
		Debug|Any CPU = Debug|Any CPU
		Release|Any CPU = Release|Any CPU
	EndGlobalSection
	GlobalSection(ProjectConfigurationPlatforms) = postSolution
		{5D4820FA-E030-4A72-8BC5-946F239E3F7E}.Debug|Any CPU.ActiveCfg = Debug|Any CPU
		{5D4820FA-E030-4A72-8BC5-946F239E3F7E}.Debug|Any CPU.Build.0 = Debug|Any CPU
		{5D4820FA-E030-4A72-8BC5-946F239E3F7E}.Release|Any CPU.ActiveCfg = Release|Any CPU
		{5D4820FA-E030-4A72-8BC5-946F239E3F7E}.Release|Any CPU.Build.0 = Release|Any CPU
	EndGlobalSection
	GlobalSection(SolutionProperties) = preSolution
		HideSolutionNode = FALSE
	EndGlobalSection
	GlobalSection(ExtensibilityGlobals) = postSolution
		SolutionGuid = {67743475-DEE3-49B9-9D72-B55F1161CAFF}
	EndGlobalSection
EndGlobal
